// !$*UTF8*$!
{
	archiveVersion = 1;
	classes = {
	};
	objectVersion = 55;
	objects = {

/* Begin PBXBuildFile section */
		00CAFE70C32DB78DD829577F /* FBLPromises.framework in Frameworks */ = {isa = PBXBuildFile; fileRef = F9923B40669CDE35EC922D8D /* FBLPromises.framework */; };
		07B1A403BB225A66BF087434 /* FirebaseFirestoreSwiftTarget.framework in Frameworks */ = {isa = PBXBuildFile; fileRef = ECD1FA11BF54F1C71593CA74 /* FirebaseFirestoreSwiftTarget.framework */; };
		13D4ED47E17CA55AB019517A /* GoogleUtilities_Network.framework in Frameworks */ = {isa = PBXBuildFile; fileRef = BBEF8665C5FAB0DDEB01007B /* GoogleUtilities_Network.framework */; };
		14A25F2EFDD76FC9EC42A186 /* gRPC_CXX_Target.framework in Frameworks */ = {isa = PBXBuildFile; fileRef = C8233F1C074916AB2A7C732A /* gRPC_CXX_Target.framework */; };
		1813B0348426E764706AAD57 /* RecaptchaInterop.framework in Frameworks */ = {isa = PBXBuildFile; fileRef = E037323A83F57413AEE803A4 /* RecaptchaInterop.framework */; };
		1DD024D0431DE584F4C53FEA /* GoogleUtilities_NSData.framework in Frameworks */ = {isa = PBXBuildFile; fileRef = 67798EB084B4071761824B15 /* GoogleUtilities_NSData.framework */; };
		228ACC0FABEFB2A964B65C0F /* SafariServices.framework in Frameworks */ = {isa = PBXBuildFile; fileRef = 044E1AB18C18739FAB7CD224 /* SafariServices.framework */; };
		242C2CCF8301C0B29EEBD102 /* FirebaseSPM.framework in Frameworks */ = {isa = PBXBuildFile; fileRef = E77EB8D7C847B57F9E94B7B8 /* FirebaseSPM.framework */; };
		29BCB74E671027DE53F9B948 /* TuistAssets+SYM.swift in Sources */ = {isa = PBXBuildFile; fileRef = 6F1D2A7A862C3CFF080483BF /* TuistAssets+SYM.swift */; };
		29DA9750302CD808D9AABDFB /* FirebaseFirestoreSwift.framework in Frameworks */ = {isa = PBXBuildFile; fileRef = 4C1B678A1185D1B49BC65F86 /* FirebaseFirestoreSwift.framework */; };
		29FF19D1D12A9B4B4DBFDF79 /* libz.tbd in Frameworks */ = {isa = PBXBuildFile; fileRef = C5B1A2118618728FC081E6DB /* libz.tbd */; };
		2E8E84343AA8665D1B4E51BF /* FirebaseCoreExtension.framework in Frameworks */ = {isa = PBXBuildFile; fileRef = 9CD5E9152A8919B1DA7C0051 /* FirebaseCoreExtension.framework */; };
		35DD22B6E90E6EE6F874011F /* FirebaseSharedSwift.framework in Frameworks */ = {isa = PBXBuildFile; fileRef = EE13A008422DC1A895F53274 /* FirebaseSharedSwift.framework */; };
		3898F4CA58FF6AB68CB5968A /* GoogleUtilities_AppDelegateSwizzler.framework in Frameworks */ = {isa = PBXBuildFile; fileRef = 18BB0855C3F3434A96A71F79 /* GoogleUtilities_AppDelegateSwizzler.framework */; };
		41F02629E3D35E2D14702BE4 /* gRPC-C++.xcframework in Frameworks */ = {isa = PBXBuildFile; fileRef = E5F9165ADF24E130589578D8 /* gRPC-C++.xcframework */; };
		4A05C504FDFFAFC4F9B47487 /* gRPC_CXX_Wrapper.framework in Frameworks */ = {isa = PBXBuildFile; fileRef = DF82FFB7A5CFD55E9EA00735 /* gRPC_CXX_Wrapper.framework */; };
		5266F88BD9CDEFD73911D6C9 /* FirebaseFirestore.framework in Frameworks */ = {isa = PBXBuildFile; fileRef = A30B6EBE304879C561268284 /* FirebaseFirestore.framework */; };
		54FC1BDF2390CD2437C642DE /* FirebaseFirestoreInternal.xcframework in Frameworks */ = {isa = PBXBuildFile; fileRef = FAFBA3590B3A7B7F7417BFEF /* FirebaseFirestoreInternal.xcframework */; };
		5655620DDEB5B8F11FED793B /* FirebaseFirestoreTarget.framework in Frameworks */ = {isa = PBXBuildFile; fileRef = 793269BAF0BD5845D6D2C681 /* FirebaseFirestoreTarget.framework */; };
		57B743EC02087AEA4EE6C0C6 /* libc++.tbd in Frameworks */ = {isa = PBXBuildFile; fileRef = 4C1529D69E06C690AB6F69DF /* libc++.tbd */; };
		585386E30838676253FB57E7 /* BoringSSL-GRPC.xcframework in Frameworks */ = {isa = PBXBuildFile; fileRef = 3CE51624C8ECE4C9F1501DAF /* BoringSSL-GRPC.xcframework */; };
		5D4B811E04E5B3E1F11B4D1A /* Preview Assets.xcassets in Resources */ = {isa = PBXBuildFile; fileRef = 75A975F47A320F3E5234938A /* Preview Assets.xcassets */; };
		66ABD534CBC66F22D51FA54A /* TuistBundle+SYM.swift in Sources */ = {isa = PBXBuildFile; fileRef = 01BF7C33C3CB8D3879944635 /* TuistBundle+SYM.swift */; };
		66D3184DF05CCFC4435D9CD3 /* FirebaseAuth.framework in Frameworks */ = {isa = PBXBuildFile; fileRef = E9BA856B72916931E7D0A1E8 /* FirebaseAuth.framework */; };
		66EC8B66A1E8CC9FE6864A01 /* SystemConfiguration.framework in Frameworks */ = {isa = PBXBuildFile; fileRef = CC3534B25EE68C874607FDDF /* SystemConfiguration.framework */; };
		6C40126E90BCE92B71C942D9 /* Firebase.framework in Frameworks */ = {isa = PBXBuildFile; fileRef = 824CF427E13E7C61ECE1CC24 /* Firebase.framework */; };
		6C73517A33182401BD39B143 /* Security.framework in Frameworks */ = {isa = PBXBuildFile; fileRef = 519848519CF4806F49322147 /* Security.framework */; };
		6CE69CD0B74C14774DBB25D9 /* UIKit.framework in Frameworks */ = {isa = PBXBuildFile; fileRef = D3E8B3F8E01182F5AFAFA3CC /* UIKit.framework */; };
		6F386F70C785F1476BBE848E /* nanopb.framework in Frameworks */ = {isa = PBXBuildFile; fileRef = C27F5C656C1F0C707DD22C5B /* nanopb.framework */; };
		77B2AE69EC2CDD5F2B57ED54 /* GoogleUtilities_Environment.framework in Frameworks */ = {isa = PBXBuildFile; fileRef = 82FB689E204F69504B0450D6 /* GoogleUtilities_Environment.framework */; };
		7CC4D57726F9230F3CC7321B /* GoogleUtilities_Logger.framework in Frameworks */ = {isa = PBXBuildFile; fileRef = 565A0EBBA8C8EC2C2363B9D7 /* GoogleUtilities_Logger.framework */; };
		8B3362F2238929A4A938277F /* FirebaseCoreInternal.framework in Frameworks */ = {isa = PBXBuildFile; fileRef = 4C3B1797AC976AC0F8809D90 /* FirebaseCoreInternal.framework */; };
		8FBE66E79361CBE5E0F96737 /* FirebaseAppCheckInterop.framework in Frameworks */ = {isa = PBXBuildFile; fileRef = DBC74B23D4587BB09D9EB8C7 /* FirebaseAppCheckInterop.framework */; };
		94C85D01D3BA25A0FD8DBAA1 /* third_party_IsAppEncrypted.framework in Frameworks */ = {isa = PBXBuildFile; fileRef = 24472EBB672EF753CF80AA6C /* third_party_IsAppEncrypted.framework */; };
		9C4131E6AFBA5A3788398B49 /* ContentView.swift in Sources */ = {isa = PBXBuildFile; fileRef = BA0EE3FAADE1F12B38409A52 /* ContentView.swift */; };
		A08315A4DD88C4676AF5B6F0 /* FirebaseFirestoreInternalWrapper.framework in Frameworks */ = {isa = PBXBuildFile; fileRef = 2F6D9E78D45179AFF067A048 /* FirebaseFirestoreInternalWrapper.framework */; };
		CBAC6218728BB804F26B7B19 /* SYMApp.swift in Sources */ = {isa = PBXBuildFile; fileRef = 03F5DCEA671D51B5245551ED /* SYMApp.swift */; };
		CE87149CF64CF65728941472 /* GTMSessionFetcherCore.framework in Frameworks */ = {isa = PBXBuildFile; fileRef = 78D0F29520C1FC52305A8663 /* GTMSessionFetcherCore.framework */; };
		D9CC74C88FCBDCAAFE4DD2DD /* Secrets.xcconfig in Resources */ = {isa = PBXBuildFile; fileRef = 0D8EEA51A14738AC118A517A /* Secrets.xcconfig */; };
		DA9693C61D37DC96EA7AA972 /* GoogleUtilities_Reachability.framework in Frameworks */ = {isa = PBXBuildFile; fileRef = 19EB5C1E2E62C5755AC3D37C /* GoogleUtilities_Reachability.framework */; };
		E2EC516E6D7D2D3D1F06918E /* Assets.xcassets in Resources */ = {isa = PBXBuildFile; fileRef = B7C8AE31F2EAD1ED7471B59D /* Assets.xcassets */; };
		E8C29D9C1825596E8B666E5E /* abseil.xcframework in Frameworks */ = {isa = PBXBuildFile; fileRef = 7F7373C5A5637F3144FC1086 /* abseil.xcframework */; };
		EE7C55FA3EA295A56CB1CEB1 /* leveldb.framework in Frameworks */ = {isa = PBXBuildFile; fileRef = 25075772C72D6E90D35A78DC /* leveldb.framework */; };
		F09896DAC59C4EE9FC2F5FCF /* FirebaseCore.framework in Frameworks */ = {isa = PBXBuildFile; fileRef = 2D639DD000AD21BBD511CADD /* FirebaseCore.framework */; };
		F57AE8D444539D3B87066861 /* gRPC-Core.xcframework in Frameworks */ = {isa = PBXBuildFile; fileRef = A841526235863D21B809C51B /* gRPC-Core.xcframework */; };
/* End PBXBuildFile section */

/* Begin PBXCopyFilesBuildPhase section */
		402B75D7250FAC6DE323709D /* Embed Frameworks */ = {
			isa = PBXCopyFilesBuildPhase;
			buildActionMask = 2147483647;
			dstPath = "";
			dstSubfolderSpec = 10;
			files = (
			);
			name = "Embed Frameworks";
			runOnlyForDeploymentPostprocessing = 0;
		};
/* End PBXCopyFilesBuildPhase section */

/* Begin PBXFileReference section */
		01BF7C33C3CB8D3879944635 /* TuistBundle+SYM.swift */ = {isa = PBXFileReference; lastKnownFileType = sourcecode.swift; path = "TuistBundle+SYM.swift"; sourceTree = "<group>"; };
		03F5DCEA671D51B5245551ED /* SYMApp.swift */ = {isa = PBXFileReference; lastKnownFileType = sourcecode.swift; path = SYMApp.swift; sourceTree = "<group>"; };
		044E1AB18C18739FAB7CD224 /* SafariServices.framework */ = {isa = PBXFileReference; lastKnownFileType = wrapper.framework; name = SafariServices.framework; path = Platforms/iPhoneOS.platform/Developer/SDKs/iPhoneOS.sdk/System/Library/Frameworks/SafariServices.framework; sourceTree = DEVELOPER_DIR; };
		0D8EEA51A14738AC118A517A /* Secrets.xcconfig */ = {isa = PBXFileReference; lastKnownFileType = text.xcconfig; path = Secrets.xcconfig; sourceTree = "<group>"; };
		18BB0855C3F3434A96A71F79 /* GoogleUtilities_AppDelegateSwizzler.framework */ = {isa = PBXFileReference; explicitFileType = wrapper.framework; includeInIndex = 0; path = GoogleUtilities_AppDelegateSwizzler.framework; sourceTree = BUILT_PRODUCTS_DIR; };
		19EB5C1E2E62C5755AC3D37C /* GoogleUtilities_Reachability.framework */ = {isa = PBXFileReference; explicitFileType = wrapper.framework; includeInIndex = 0; path = GoogleUtilities_Reachability.framework; sourceTree = BUILT_PRODUCTS_DIR; };
		24472EBB672EF753CF80AA6C /* third_party_IsAppEncrypted.framework */ = {isa = PBXFileReference; explicitFileType = wrapper.framework; includeInIndex = 0; path = third_party_IsAppEncrypted.framework; sourceTree = BUILT_PRODUCTS_DIR; };
		25075772C72D6E90D35A78DC /* leveldb.framework */ = {isa = PBXFileReference; explicitFileType = wrapper.framework; includeInIndex = 0; path = leveldb.framework; sourceTree = BUILT_PRODUCTS_DIR; };
		2D639DD000AD21BBD511CADD /* FirebaseCore.framework */ = {isa = PBXFileReference; explicitFileType = wrapper.framework; includeInIndex = 0; path = FirebaseCore.framework; sourceTree = BUILT_PRODUCTS_DIR; };
		2F6D9E78D45179AFF067A048 /* FirebaseFirestoreInternalWrapper.framework */ = {isa = PBXFileReference; explicitFileType = wrapper.framework; includeInIndex = 0; path = FirebaseFirestoreInternalWrapper.framework; sourceTree = BUILT_PRODUCTS_DIR; };
		3CE51624C8ECE4C9F1501DAF /* BoringSSL-GRPC.xcframework */ = {isa = PBXFileReference; lastKnownFileType = wrapper.xcframework; path = "BoringSSL-GRPC.xcframework"; sourceTree = "<group>"; };
		4C1529D69E06C690AB6F69DF /* libc++.tbd */ = {isa = PBXFileReference; lastKnownFileType = "sourcecode.text-based-dylib-definition"; name = "libc++.tbd"; path = "Platforms/iPhoneOS.platform/Developer/SDKs/iPhoneOS.sdk/usr/lib/libc++.tbd"; sourceTree = DEVELOPER_DIR; };
		4C1B678A1185D1B49BC65F86 /* FirebaseFirestoreSwift.framework */ = {isa = PBXFileReference; explicitFileType = wrapper.framework; includeInIndex = 0; path = FirebaseFirestoreSwift.framework; sourceTree = BUILT_PRODUCTS_DIR; };
		4C3B1797AC976AC0F8809D90 /* FirebaseCoreInternal.framework */ = {isa = PBXFileReference; explicitFileType = wrapper.framework; includeInIndex = 0; path = FirebaseCoreInternal.framework; sourceTree = BUILT_PRODUCTS_DIR; };
		519848519CF4806F49322147 /* Security.framework */ = {isa = PBXFileReference; lastKnownFileType = wrapper.framework; name = Security.framework; path = Platforms/iPhoneOS.platform/Developer/SDKs/iPhoneOS.sdk/System/Library/Frameworks/Security.framework; sourceTree = DEVELOPER_DIR; };
		565A0EBBA8C8EC2C2363B9D7 /* GoogleUtilities_Logger.framework */ = {isa = PBXFileReference; explicitFileType = wrapper.framework; includeInIndex = 0; path = GoogleUtilities_Logger.framework; sourceTree = BUILT_PRODUCTS_DIR; };
		67798EB084B4071761824B15 /* GoogleUtilities_NSData.framework */ = {isa = PBXFileReference; explicitFileType = wrapper.framework; includeInIndex = 0; path = GoogleUtilities_NSData.framework; sourceTree = BUILT_PRODUCTS_DIR; };
		6F1D2A7A862C3CFF080483BF /* TuistAssets+SYM.swift */ = {isa = PBXFileReference; lastKnownFileType = sourcecode.swift; path = "TuistAssets+SYM.swift"; sourceTree = "<group>"; };
		75A975F47A320F3E5234938A /* Preview Assets.xcassets */ = {isa = PBXFileReference; lastKnownFileType = folder.assetcatalog; path = "Preview Assets.xcassets"; sourceTree = "<group>"; };
		78D0F29520C1FC52305A8663 /* GTMSessionFetcherCore.framework */ = {isa = PBXFileReference; explicitFileType = wrapper.framework; includeInIndex = 0; path = GTMSessionFetcherCore.framework; sourceTree = BUILT_PRODUCTS_DIR; };
		793269BAF0BD5845D6D2C681 /* FirebaseFirestoreTarget.framework */ = {isa = PBXFileReference; explicitFileType = wrapper.framework; includeInIndex = 0; path = FirebaseFirestoreTarget.framework; sourceTree = BUILT_PRODUCTS_DIR; };
		7F7373C5A5637F3144FC1086 /* abseil.xcframework */ = {isa = PBXFileReference; lastKnownFileType = wrapper.xcframework; path = abseil.xcframework; sourceTree = "<group>"; };
		824CF427E13E7C61ECE1CC24 /* Firebase.framework */ = {isa = PBXFileReference; explicitFileType = wrapper.framework; includeInIndex = 0; path = Firebase.framework; sourceTree = BUILT_PRODUCTS_DIR; };
		82FB689E204F69504B0450D6 /* GoogleUtilities_Environment.framework */ = {isa = PBXFileReference; explicitFileType = wrapper.framework; includeInIndex = 0; path = GoogleUtilities_Environment.framework; sourceTree = BUILT_PRODUCTS_DIR; };
		9CD5E9152A8919B1DA7C0051 /* FirebaseCoreExtension.framework */ = {isa = PBXFileReference; explicitFileType = wrapper.framework; includeInIndex = 0; path = FirebaseCoreExtension.framework; sourceTree = BUILT_PRODUCTS_DIR; };
		A30B6EBE304879C561268284 /* FirebaseFirestore.framework */ = {isa = PBXFileReference; explicitFileType = wrapper.framework; includeInIndex = 0; path = FirebaseFirestore.framework; sourceTree = BUILT_PRODUCTS_DIR; };
		A841526235863D21B809C51B /* gRPC-Core.xcframework */ = {isa = PBXFileReference; lastKnownFileType = wrapper.xcframework; path = "gRPC-Core.xcframework"; sourceTree = "<group>"; };
		B12BB78D44D2958A8D84E1A7 /* Info.plist */ = {isa = PBXFileReference; lastKnownFileType = text.plist; path = Info.plist; sourceTree = "<group>"; };
		B7C8AE31F2EAD1ED7471B59D /* Assets.xcassets */ = {isa = PBXFileReference; lastKnownFileType = folder.assetcatalog; path = Assets.xcassets; sourceTree = "<group>"; };
		BA0EE3FAADE1F12B38409A52 /* ContentView.swift */ = {isa = PBXFileReference; lastKnownFileType = sourcecode.swift; path = ContentView.swift; sourceTree = "<group>"; };
		BBEF8665C5FAB0DDEB01007B /* GoogleUtilities_Network.framework */ = {isa = PBXFileReference; explicitFileType = wrapper.framework; includeInIndex = 0; path = GoogleUtilities_Network.framework; sourceTree = BUILT_PRODUCTS_DIR; };
		BF9D28C2D536A428A706DBCB /* SYM.app */ = {isa = PBXFileReference; explicitFileType = wrapper.application; includeInIndex = 0; path = SYM.app; sourceTree = BUILT_PRODUCTS_DIR; };
		C27F5C656C1F0C707DD22C5B /* nanopb.framework */ = {isa = PBXFileReference; explicitFileType = wrapper.framework; includeInIndex = 0; path = nanopb.framework; sourceTree = BUILT_PRODUCTS_DIR; };
		C5B1A2118618728FC081E6DB /* libz.tbd */ = {isa = PBXFileReference; lastKnownFileType = "sourcecode.text-based-dylib-definition"; name = libz.tbd; path = Platforms/iPhoneOS.platform/Developer/SDKs/iPhoneOS.sdk/usr/lib/libz.tbd; sourceTree = DEVELOPER_DIR; };
		C8233F1C074916AB2A7C732A /* gRPC_CXX_Target.framework */ = {isa = PBXFileReference; explicitFileType = wrapper.framework; includeInIndex = 0; path = gRPC_CXX_Target.framework; sourceTree = BUILT_PRODUCTS_DIR; };
		CC3534B25EE68C874607FDDF /* SystemConfiguration.framework */ = {isa = PBXFileReference; lastKnownFileType = wrapper.framework; name = SystemConfiguration.framework; path = Platforms/iPhoneOS.platform/Developer/SDKs/iPhoneOS.sdk/System/Library/Frameworks/SystemConfiguration.framework; sourceTree = DEVELOPER_DIR; };
		D3E8B3F8E01182F5AFAFA3CC /* UIKit.framework */ = {isa = PBXFileReference; lastKnownFileType = wrapper.framework; name = UIKit.framework; path = Platforms/iPhoneOS.platform/Developer/SDKs/iPhoneOS.sdk/System/Library/Frameworks/UIKit.framework; sourceTree = DEVELOPER_DIR; };
		D5C45D28DD017FC07CD52ED0 /* Secrets.xcconfig */ = {isa = PBXFileReference; lastKnownFileType = text.xcconfig; path = Secrets.xcconfig; sourceTree = "<group>"; };
		DBC74B23D4587BB09D9EB8C7 /* FirebaseAppCheckInterop.framework */ = {isa = PBXFileReference; explicitFileType = wrapper.framework; includeInIndex = 0; path = FirebaseAppCheckInterop.framework; sourceTree = BUILT_PRODUCTS_DIR; };
		DF82FFB7A5CFD55E9EA00735 /* gRPC_CXX_Wrapper.framework */ = {isa = PBXFileReference; explicitFileType = wrapper.framework; includeInIndex = 0; path = gRPC_CXX_Wrapper.framework; sourceTree = BUILT_PRODUCTS_DIR; };
		E037323A83F57413AEE803A4 /* RecaptchaInterop.framework */ = {isa = PBXFileReference; explicitFileType = wrapper.framework; includeInIndex = 0; path = RecaptchaInterop.framework; sourceTree = BUILT_PRODUCTS_DIR; };
		E5F9165ADF24E130589578D8 /* gRPC-C++.xcframework */ = {isa = PBXFileReference; lastKnownFileType = wrapper.xcframework; path = "gRPC-C++.xcframework"; sourceTree = "<group>"; };
		E77EB8D7C847B57F9E94B7B8 /* FirebaseSPM.framework */ = {isa = PBXFileReference; explicitFileType = wrapper.framework; includeInIndex = 0; path = FirebaseSPM.framework; sourceTree = BUILT_PRODUCTS_DIR; };
		E9BA856B72916931E7D0A1E8 /* FirebaseAuth.framework */ = {isa = PBXFileReference; explicitFileType = wrapper.framework; includeInIndex = 0; path = FirebaseAuth.framework; sourceTree = BUILT_PRODUCTS_DIR; };
		ECD1FA11BF54F1C71593CA74 /* FirebaseFirestoreSwiftTarget.framework */ = {isa = PBXFileReference; explicitFileType = wrapper.framework; includeInIndex = 0; path = FirebaseFirestoreSwiftTarget.framework; sourceTree = BUILT_PRODUCTS_DIR; };
		EE13A008422DC1A895F53274 /* FirebaseSharedSwift.framework */ = {isa = PBXFileReference; explicitFileType = wrapper.framework; includeInIndex = 0; path = FirebaseSharedSwift.framework; sourceTree = BUILT_PRODUCTS_DIR; };
		F9923B40669CDE35EC922D8D /* FBLPromises.framework */ = {isa = PBXFileReference; explicitFileType = wrapper.framework; includeInIndex = 0; path = FBLPromises.framework; sourceTree = BUILT_PRODUCTS_DIR; };
		FAFBA3590B3A7B7F7417BFEF /* FirebaseFirestoreInternal.xcframework */ = {isa = PBXFileReference; lastKnownFileType = wrapper.xcframework; path = FirebaseFirestoreInternal.xcframework; sourceTree = "<group>"; };
/* End PBXFileReference section */

/* Begin PBXFrameworksBuildPhase section */
		4177BDCE19E5EEB2574F5611 /* Frameworks */ = {
			isa = PBXFrameworksBuildPhase;
			buildActionMask = 2147483647;
			files = (
				228ACC0FABEFB2A964B65C0F /* SafariServices.framework in Frameworks */,
				6C73517A33182401BD39B143 /* Security.framework in Frameworks */,
				66EC8B66A1E8CC9FE6864A01 /* SystemConfiguration.framework in Frameworks */,
				6CE69CD0B74C14774DBB25D9 /* UIKit.framework in Frameworks */,
				57B743EC02087AEA4EE6C0C6 /* libc++.tbd in Frameworks */,
				29FF19D1D12A9B4B4DBFDF79 /* libz.tbd in Frameworks */,
				00CAFE70C32DB78DD829577F /* FBLPromises.framework in Frameworks */,
				6C40126E90BCE92B71C942D9 /* Firebase.framework in Frameworks */,
				8FBE66E79361CBE5E0F96737 /* FirebaseAppCheckInterop.framework in Frameworks */,
				66D3184DF05CCFC4435D9CD3 /* FirebaseAuth.framework in Frameworks */,
				F09896DAC59C4EE9FC2F5FCF /* FirebaseCore.framework in Frameworks */,
				2E8E84343AA8665D1B4E51BF /* FirebaseCoreExtension.framework in Frameworks */,
				8B3362F2238929A4A938277F /* FirebaseCoreInternal.framework in Frameworks */,
				5266F88BD9CDEFD73911D6C9 /* FirebaseFirestore.framework in Frameworks */,
				A08315A4DD88C4676AF5B6F0 /* FirebaseFirestoreInternalWrapper.framework in Frameworks */,
				29DA9750302CD808D9AABDFB /* FirebaseFirestoreSwift.framework in Frameworks */,
				07B1A403BB225A66BF087434 /* FirebaseFirestoreSwiftTarget.framework in Frameworks */,
				5655620DDEB5B8F11FED793B /* FirebaseFirestoreTarget.framework in Frameworks */,
				242C2CCF8301C0B29EEBD102 /* FirebaseSPM.framework in Frameworks */,
				35DD22B6E90E6EE6F874011F /* FirebaseSharedSwift.framework in Frameworks */,
				CE87149CF64CF65728941472 /* GTMSessionFetcherCore.framework in Frameworks */,
				3898F4CA58FF6AB68CB5968A /* GoogleUtilities_AppDelegateSwizzler.framework in Frameworks */,
				77B2AE69EC2CDD5F2B57ED54 /* GoogleUtilities_Environment.framework in Frameworks */,
				7CC4D57726F9230F3CC7321B /* GoogleUtilities_Logger.framework in Frameworks */,
				1DD024D0431DE584F4C53FEA /* GoogleUtilities_NSData.framework in Frameworks */,
				13D4ED47E17CA55AB019517A /* GoogleUtilities_Network.framework in Frameworks */,
				DA9693C61D37DC96EA7AA972 /* GoogleUtilities_Reachability.framework in Frameworks */,
				1813B0348426E764706AAD57 /* RecaptchaInterop.framework in Frameworks */,
				14A25F2EFDD76FC9EC42A186 /* gRPC_CXX_Target.framework in Frameworks */,
				4A05C504FDFFAFC4F9B47487 /* gRPC_CXX_Wrapper.framework in Frameworks */,
				EE7C55FA3EA295A56CB1CEB1 /* leveldb.framework in Frameworks */,
				6F386F70C785F1476BBE848E /* nanopb.framework in Frameworks */,
				94C85D01D3BA25A0FD8DBAA1 /* third_party_IsAppEncrypted.framework in Frameworks */,
				E8C29D9C1825596E8B666E5E /* abseil.xcframework in Frameworks */,
				54FC1BDF2390CD2437C642DE /* FirebaseFirestoreInternal.xcframework in Frameworks */,
				585386E30838676253FB57E7 /* BoringSSL-GRPC.xcframework in Frameworks */,
				41F02629E3D35E2D14702BE4 /* gRPC-C++.xcframework in Frameworks */,
				F57AE8D444539D3B87066861 /* gRPC-Core.xcframework in Frameworks */,
			);
			runOnlyForDeploymentPostprocessing = 0;
		};
/* End PBXFrameworksBuildPhase section */

/* Begin PBXGroup section */
		096784267F3EAB99E8C40CB6 /* Resources */ = {
			isa = PBXGroup;
			children = (
				EC44341D19FCAFB7A2571270 /* Config */,
			);
			path = Resources;
			sourceTree = "<group>";
		};
		1FB7E6485B38F557F1F4150D = {
			isa = PBXGroup;
			children = (
				58534623DB4DB65C81358648 /* Project */,
				A124B534B799CEEA6D2AB2A1 /* Frameworks */,
				6D2663CCF23BD6B5C523E942 /* Products */,
			);
			sourceTree = "<group>";
		};
		27BA3FC14CE6EBBBFA8713F5 /* .build */ = {
			isa = PBXGroup;
			children = (
				58EEED187531192740CF69EC /* artifacts */,
			);
			path = .build;
			sourceTree = "<group>";
		};
		36AB2A00F108086CEA368C68 /* Dependencies */ = {
			isa = PBXGroup;
			children = (
				844D16A9A29451B34AA6DE80 /* SwiftPackageManager */,
			);
			path = Dependencies;
			sourceTree = "<group>";
		};
		3CB39895BCEBB7D5B7997B70 /* Tuist */ = {
			isa = PBXGroup;
			children = (
				36AB2A00F108086CEA368C68 /* Dependencies */,
			);
			name = Tuist;
			path = ../../Tuist;
			sourceTree = "<group>";
		};
		56C4D5F166497805BF93CE51 /* App */ = {
			isa = PBXGroup;
			children = (
				096784267F3EAB99E8C40CB6 /* Resources */,
			);
			name = App;
			path = ../App;
			sourceTree = "<group>";
		};
		58534623DB4DB65C81358648 /* Project */ = {
			isa = PBXGroup;
			children = (
				56C4D5F166497805BF93CE51 /* App */,
				9CCC78D477D038FB0CE9FD0A /* Derived */,
				76B997884B404B2BB7A3A1CF /* Resources */,
				6F800DCC48A307A1FD015543 /* Sources */,
				850788F63394A5B93E1744BB /* Support */,
				3CB39895BCEBB7D5B7997B70 /* Tuist */,
			);
			name = Project;
			sourceTree = "<group>";
		};
		58EEED187531192740CF69EC /* artifacts */ = {
			isa = PBXGroup;
			children = (
				BB80FE03711A44FC01125536 /* abseil-cpp-binary */,
				E4156A56EEA1F780C42C84BD /* firebase-ios-sdk */,
				ADB7AC4FB36649FDED997D33 /* grpc-binary */,
			);
			path = artifacts;
			sourceTree = "<group>";
		};
		6BF13C523DCFB3F784D04D0C /* BoringSSL-GRPC */ = {
			isa = PBXGroup;
			children = (
				3CE51624C8ECE4C9F1501DAF /* BoringSSL-GRPC.xcframework */,
			);
			path = "BoringSSL-GRPC";
			sourceTree = "<group>";
		};
		6D2663CCF23BD6B5C523E942 /* Products */ = {
			isa = PBXGroup;
			children = (
				F9923B40669CDE35EC922D8D /* FBLPromises.framework */,
				824CF427E13E7C61ECE1CC24 /* Firebase.framework */,
				DBC74B23D4587BB09D9EB8C7 /* FirebaseAppCheckInterop.framework */,
				E9BA856B72916931E7D0A1E8 /* FirebaseAuth.framework */,
				2D639DD000AD21BBD511CADD /* FirebaseCore.framework */,
				9CD5E9152A8919B1DA7C0051 /* FirebaseCoreExtension.framework */,
				4C3B1797AC976AC0F8809D90 /* FirebaseCoreInternal.framework */,
				A30B6EBE304879C561268284 /* FirebaseFirestore.framework */,
				2F6D9E78D45179AFF067A048 /* FirebaseFirestoreInternalWrapper.framework */,
				4C1B678A1185D1B49BC65F86 /* FirebaseFirestoreSwift.framework */,
				ECD1FA11BF54F1C71593CA74 /* FirebaseFirestoreSwiftTarget.framework */,
				793269BAF0BD5845D6D2C681 /* FirebaseFirestoreTarget.framework */,
				EE13A008422DC1A895F53274 /* FirebaseSharedSwift.framework */,
				E77EB8D7C847B57F9E94B7B8 /* FirebaseSPM.framework */,
				18BB0855C3F3434A96A71F79 /* GoogleUtilities_AppDelegateSwizzler.framework */,
				82FB689E204F69504B0450D6 /* GoogleUtilities_Environment.framework */,
				565A0EBBA8C8EC2C2363B9D7 /* GoogleUtilities_Logger.framework */,
				BBEF8665C5FAB0DDEB01007B /* GoogleUtilities_Network.framework */,
				67798EB084B4071761824B15 /* GoogleUtilities_NSData.framework */,
				19EB5C1E2E62C5755AC3D37C /* GoogleUtilities_Reachability.framework */,
				C8233F1C074916AB2A7C732A /* gRPC_CXX_Target.framework */,
				DF82FFB7A5CFD55E9EA00735 /* gRPC_CXX_Wrapper.framework */,
				78D0F29520C1FC52305A8663 /* GTMSessionFetcherCore.framework */,
				25075772C72D6E90D35A78DC /* leveldb.framework */,
				C27F5C656C1F0C707DD22C5B /* nanopb.framework */,
				E037323A83F57413AEE803A4 /* RecaptchaInterop.framework */,
				BF9D28C2D536A428A706DBCB /* SYM.app */,
				24472EBB672EF753CF80AA6C /* third_party_IsAppEncrypted.framework */,
			);
			name = Products;
			sourceTree = "<group>";
		};
		6F800DCC48A307A1FD015543 /* Sources */ = {
			isa = PBXGroup;
			children = (
				BA0EE3FAADE1F12B38409A52 /* ContentView.swift */,
				03F5DCEA671D51B5245551ED /* SYMApp.swift */,
			);
			path = Sources;
			sourceTree = "<group>";
		};
		76B997884B404B2BB7A3A1CF /* Resources */ = {
			isa = PBXGroup;
			children = (
				D45433FD33870B5A196214D8 /* Config */,
				778AD4DFDB40BA22C90791DC /* Preview Content */,
				B7C8AE31F2EAD1ED7471B59D /* Assets.xcassets */,
			);
			path = Resources;
			sourceTree = "<group>";
		};
		778AD4DFDB40BA22C90791DC /* Preview Content */ = {
			isa = PBXGroup;
			children = (
				75A975F47A320F3E5234938A /* Preview Assets.xcassets */,
			);
			path = "Preview Content";
			sourceTree = "<group>";
		};
		844D16A9A29451B34AA6DE80 /* SwiftPackageManager */ = {
			isa = PBXGroup;
			children = (
				27BA3FC14CE6EBBBFA8713F5 /* .build */,
			);
			path = SwiftPackageManager;
			sourceTree = "<group>";
		};
		850788F63394A5B93E1744BB /* Support */ = {
			isa = PBXGroup;
			children = (
				B12BB78D44D2958A8D84E1A7 /* Info.plist */,
			);
			path = Support;
			sourceTree = "<group>";
		};
		9CCC78D477D038FB0CE9FD0A /* Derived */ = {
			isa = PBXGroup;
			children = (
				F8682A494CD4D2EC735D89A6 /* Sources */,
			);
			path = Derived;
			sourceTree = "<group>";
		};
		A124B534B799CEEA6D2AB2A1 /* Frameworks */ = {
			isa = PBXGroup;
			children = (
				4C1529D69E06C690AB6F69DF /* libc++.tbd */,
				C5B1A2118618728FC081E6DB /* libz.tbd */,
				044E1AB18C18739FAB7CD224 /* SafariServices.framework */,
				519848519CF4806F49322147 /* Security.framework */,
				CC3534B25EE68C874607FDDF /* SystemConfiguration.framework */,
				D3E8B3F8E01182F5AFAFA3CC /* UIKit.framework */,
			);
			name = Frameworks;
			sourceTree = "<group>";
		};
		ADB7AC4FB36649FDED997D33 /* grpc-binary */ = {
			isa = PBXGroup;
			children = (
				6BF13C523DCFB3F784D04D0C /* BoringSSL-GRPC */,
				D8F41BB45A5CD5F6F3037E4B /* gRPC-C++ */,
				BB6974F3B0E0911093388291 /* gRPC-Core */,
			);
			path = "grpc-binary";
			sourceTree = "<group>";
		};
		BB6974F3B0E0911093388291 /* gRPC-Core */ = {
			isa = PBXGroup;
			children = (
				A841526235863D21B809C51B /* gRPC-Core.xcframework */,
			);
			path = "gRPC-Core";
			sourceTree = "<group>";
		};
		BB80FE03711A44FC01125536 /* abseil-cpp-binary */ = {
			isa = PBXGroup;
			children = (
				D15C999929D0E0E8098A8CA1 /* abseil */,
			);
			path = "abseil-cpp-binary";
			sourceTree = "<group>";
		};
		CEB3BE35055DD0C2D3879991 /* FirebaseFirestoreInternal */ = {
			isa = PBXGroup;
			children = (
				FAFBA3590B3A7B7F7417BFEF /* FirebaseFirestoreInternal.xcframework */,
			);
			path = FirebaseFirestoreInternal;
			sourceTree = "<group>";
		};
		D15C999929D0E0E8098A8CA1 /* abseil */ = {
			isa = PBXGroup;
			children = (
				7F7373C5A5637F3144FC1086 /* abseil.xcframework */,
			);
			path = abseil;
			sourceTree = "<group>";
		};
		D45433FD33870B5A196214D8 /* Config */ = {
			isa = PBXGroup;
			children = (
				0D8EEA51A14738AC118A517A /* Secrets.xcconfig */,
			);
			path = Config;
			sourceTree = "<group>";
		};
		D8F41BB45A5CD5F6F3037E4B /* gRPC-C++ */ = {
			isa = PBXGroup;
			children = (
				E5F9165ADF24E130589578D8 /* gRPC-C++.xcframework */,
			);
			path = "gRPC-C++";
			sourceTree = "<group>";
		};
		E4156A56EEA1F780C42C84BD /* firebase-ios-sdk */ = {
			isa = PBXGroup;
			children = (
				CEB3BE35055DD0C2D3879991 /* FirebaseFirestoreInternal */,
			);
			path = "firebase-ios-sdk";
			sourceTree = "<group>";
		};
		EC44341D19FCAFB7A2571270 /* Config */ = {
			isa = PBXGroup;
			children = (
				D5C45D28DD017FC07CD52ED0 /* Secrets.xcconfig */,
			);
			path = Config;
			sourceTree = "<group>";
		};
		F8682A494CD4D2EC735D89A6 /* Sources */ = {
			isa = PBXGroup;
			children = (
				6F1D2A7A862C3CFF080483BF /* TuistAssets+SYM.swift */,
				01BF7C33C3CB8D3879944635 /* TuistBundle+SYM.swift */,
			);
			path = Sources;
			sourceTree = "<group>";
		};
/* End PBXGroup section */

/* Begin PBXNativeTarget section */
		130A79AC83281EC67A14CE08 /* SYM */ = {
			isa = PBXNativeTarget;
			buildConfigurationList = 8E4A30B4F02E032AB3D5BC75 /* Build configuration list for PBXNativeTarget "SYM" */;
			buildPhases = (
				ECE56D248C36A5CB578302B5 /* SwiftLint */,
				DFD62B33A3D731144A40C291 /* Sources */,
				E11943956F1E6EEAB7E0F8D8 /* Resources */,
				402B75D7250FAC6DE323709D /* Embed Frameworks */,
				4177BDCE19E5EEB2574F5611 /* Frameworks */,
			);
			buildRules = (
			);
			dependencies = (
			);
			name = SYM;
			productName = SYM;
			productReference = BF9D28C2D536A428A706DBCB /* SYM.app */;
			productType = "com.apple.product-type.application";
		};
/* End PBXNativeTarget section */

/* Begin PBXProject section */
		A125D9C2C564C4E7866A5C48 /* Project object */ = {
			isa = PBXProject;
			attributes = {
				BuildIndependentTargetsInParallel = YES;
				ORGANIZATIONNAME = Mogong;
				TargetAttributes = {
				};
			};
			buildConfigurationList = B02C37D118F9E57CC0BD5F21 /* Build configuration list for PBXProject "SYM" */;
			compatibilityVersion = "Xcode 14.0";
			developmentRegion = en;
			hasScannedForEncodings = 0;
			knownRegions = (
				Base,
				en,
			);
			mainGroup = 1FB7E6485B38F557F1F4150D;
			productRefGroup = 6D2663CCF23BD6B5C523E942 /* Products */;
			projectDirPath = "";
			projectRoot = "";
			targets = (
				130A79AC83281EC67A14CE08 /* SYM */,
			);
		};
/* End PBXProject section */

/* Begin PBXResourcesBuildPhase section */
		E11943956F1E6EEAB7E0F8D8 /* Resources */ = {
			isa = PBXResourcesBuildPhase;
			buildActionMask = 2147483647;
			files = (
				E2EC516E6D7D2D3D1F06918E /* Assets.xcassets in Resources */,
				D9CC74C88FCBDCAAFE4DD2DD /* Secrets.xcconfig in Resources */,
				5D4B811E04E5B3E1F11B4D1A /* Preview Assets.xcassets in Resources */,
			);
			runOnlyForDeploymentPostprocessing = 0;
		};
/* End PBXResourcesBuildPhase section */

/* Begin PBXShellScriptBuildPhase section */
		ECE56D248C36A5CB578302B5 /* SwiftLint */ = {
			isa = PBXShellScriptBuildPhase;
			alwaysOutOfDate = 1;
			buildActionMask = 2147483647;
			files = (
			);
			inputFileListPaths = (
			);
			inputPaths = (
			);
			name = SwiftLint;
			outputFileListPaths = (
			);
			outputPaths = (
			);
			runOnlyForDeploymentPostprocessing = 0;
			shellPath = /bin/sh;
			shellScript = "\"$SRCROOT\"/Scripts/SwiftLintRunScript.sh ";
		};
/* End PBXShellScriptBuildPhase section */

/* Begin PBXSourcesBuildPhase section */
		DFD62B33A3D731144A40C291 /* Sources */ = {
			isa = PBXSourcesBuildPhase;
			buildActionMask = 2147483647;
			files = (
				29BCB74E671027DE53F9B948 /* TuistAssets+SYM.swift in Sources */,
				66ABD534CBC66F22D51FA54A /* TuistBundle+SYM.swift in Sources */,
				9C4131E6AFBA5A3788398B49 /* ContentView.swift in Sources */,
				CBAC6218728BB804F26B7B19 /* SYMApp.swift in Sources */,
			);
			runOnlyForDeploymentPostprocessing = 0;
		};
/* End PBXSourcesBuildPhase section */

/* Begin XCBuildConfiguration section */
		1DFA17DEDAC7E718CB0683D4 /* Release */ = {
			isa = XCBuildConfiguration;
			baseConfigurationReference = D5C45D28DD017FC07CD52ED0 /* Secrets.xcconfig */;
			buildSettings = {
				ALWAYS_SEARCH_USER_PATHS = NO;
				CLANG_ANALYZER_LOCALIZABILITY_NONLOCALIZED = YES;
				CLANG_ANALYZER_NONNULL = YES;
				CLANG_ANALYZER_NUMBER_OBJECT_CONVERSION = YES_AGGRESSIVE;
				CLANG_CXX_LANGUAGE_STANDARD = "gnu++14";
				CLANG_CXX_LIBRARY = "libc++";
				CLANG_ENABLE_MODULES = YES;
				CLANG_ENABLE_OBJC_ARC = YES;
				CLANG_ENABLE_OBJC_WEAK = YES;
				CLANG_WARN_BLOCK_CAPTURE_AUTORELEASING = YES;
				CLANG_WARN_BOOL_CONVERSION = YES;
				CLANG_WARN_COMMA = YES;
				CLANG_WARN_CONSTANT_CONVERSION = YES;
				CLANG_WARN_DEPRECATED_OBJC_IMPLEMENTATIONS = YES;
				CLANG_WARN_DIRECT_OBJC_ISA_USAGE = YES_ERROR;
				CLANG_WARN_DOCUMENTATION_COMMENTS = YES;
				CLANG_WARN_EMPTY_BODY = YES;
				CLANG_WARN_ENUM_CONVERSION = YES;
				CLANG_WARN_INFINITE_RECURSION = YES;
				CLANG_WARN_INT_CONVERSION = YES;
				CLANG_WARN_NON_LITERAL_NULL_CONVERSION = YES;
				CLANG_WARN_OBJC_IMPLICIT_RETAIN_SELF = YES;
				CLANG_WARN_OBJC_LITERAL_CONVERSION = YES;
				CLANG_WARN_OBJC_ROOT_CLASS = YES_ERROR;
				CLANG_WARN_QUOTED_INCLUDE_IN_FRAMEWORK_HEADER = YES;
				CLANG_WARN_RANGE_LOOP_ANALYSIS = YES;
				CLANG_WARN_STRICT_PROTOTYPES = YES;
				CLANG_WARN_SUSPICIOUS_MOVE = YES;
				CLANG_WARN_UNGUARDED_AVAILABILITY = YES_AGGRESSIVE;
				CLANG_WARN_UNREACHABLE_CODE = YES;
				CLANG_WARN__DUPLICATE_METHOD_MATCH = YES;
				COPY_PHASE_STRIP = NO;
				DEAD_CODE_STRIPPING = YES;
				DEBUG_INFORMATION_FORMAT = "dwarf-with-dsym";
				ENABLE_NS_ASSERTIONS = NO;
				ENABLE_STRICT_OBJC_MSGSEND = YES;
				GCC_C_LANGUAGE_STANDARD = gnu11;
				GCC_NO_COMMON_BLOCKS = YES;
				GCC_WARN_64_TO_32_BIT_CONVERSION = YES;
				GCC_WARN_ABOUT_RETURN_TYPE = YES_ERROR;
				GCC_WARN_UNDECLARED_SELECTOR = YES;
				GCC_WARN_UNINITIALIZED_AUTOS = YES_AGGRESSIVE;
				GCC_WARN_UNUSED_FUNCTION = YES;
				GCC_WARN_UNUSED_VARIABLE = YES;
				MTL_ENABLE_DEBUG_INFO = NO;
				PRODUCT_NAME = "$(TARGET_NAME)";
				VALIDATE_PRODUCT = YES;
			};
			name = Release;
		};
		5C9D598AA50CF6258C7C16E0 /* Debug */ = {
			isa = XCBuildConfiguration;
			baseConfigurationReference = D5C45D28DD017FC07CD52ED0 /* Secrets.xcconfig */;
			buildSettings = {
				ALWAYS_SEARCH_USER_PATHS = NO;
				CLANG_ANALYZER_LOCALIZABILITY_NONLOCALIZED = YES;
				CLANG_ANALYZER_NONNULL = YES;
				CLANG_ANALYZER_NUMBER_OBJECT_CONVERSION = YES_AGGRESSIVE;
				CLANG_CXX_LANGUAGE_STANDARD = "gnu++14";
				CLANG_CXX_LIBRARY = "libc++";
				CLANG_ENABLE_MODULES = YES;
				CLANG_ENABLE_OBJC_ARC = YES;
				CLANG_ENABLE_OBJC_WEAK = YES;
				CLANG_WARN_BLOCK_CAPTURE_AUTORELEASING = YES;
				CLANG_WARN_BOOL_CONVERSION = YES;
				CLANG_WARN_COMMA = YES;
				CLANG_WARN_CONSTANT_CONVERSION = YES;
				CLANG_WARN_DEPRECATED_OBJC_IMPLEMENTATIONS = YES;
				CLANG_WARN_DIRECT_OBJC_ISA_USAGE = YES_ERROR;
				CLANG_WARN_DOCUMENTATION_COMMENTS = YES;
				CLANG_WARN_EMPTY_BODY = YES;
				CLANG_WARN_ENUM_CONVERSION = YES;
				CLANG_WARN_INFINITE_RECURSION = YES;
				CLANG_WARN_INT_CONVERSION = YES;
				CLANG_WARN_NON_LITERAL_NULL_CONVERSION = YES;
				CLANG_WARN_OBJC_IMPLICIT_RETAIN_SELF = YES;
				CLANG_WARN_OBJC_LITERAL_CONVERSION = YES;
				CLANG_WARN_OBJC_ROOT_CLASS = YES_ERROR;
				CLANG_WARN_QUOTED_INCLUDE_IN_FRAMEWORK_HEADER = YES;
				CLANG_WARN_RANGE_LOOP_ANALYSIS = YES;
				CLANG_WARN_STRICT_PROTOTYPES = YES;
				CLANG_WARN_SUSPICIOUS_MOVE = YES;
				CLANG_WARN_UNGUARDED_AVAILABILITY = YES_AGGRESSIVE;
				CLANG_WARN_UNREACHABLE_CODE = YES;
				CLANG_WARN__DUPLICATE_METHOD_MATCH = YES;
				COPY_PHASE_STRIP = NO;
				DEAD_CODE_STRIPPING = YES;
				DEBUG_INFORMATION_FORMAT = dwarf;
				ENABLE_STRICT_OBJC_MSGSEND = YES;
				ENABLE_TESTABILITY = YES;
				GCC_C_LANGUAGE_STANDARD = gnu11;
				GCC_DYNAMIC_NO_PIC = NO;
				GCC_NO_COMMON_BLOCKS = YES;
				GCC_OPTIMIZATION_LEVEL = 0;
				GCC_PREPROCESSOR_DEFINITIONS = (
					"DEBUG=1",
					"$(inherited)",
				);
				GCC_WARN_64_TO_32_BIT_CONVERSION = YES;
				GCC_WARN_ABOUT_RETURN_TYPE = YES_ERROR;
				GCC_WARN_UNDECLARED_SELECTOR = YES;
				GCC_WARN_UNINITIALIZED_AUTOS = YES_AGGRESSIVE;
				GCC_WARN_UNUSED_FUNCTION = YES;
				GCC_WARN_UNUSED_VARIABLE = YES;
				MTL_ENABLE_DEBUG_INFO = YES;
				ONLY_ACTIVE_ARCH = YES;
				PRODUCT_NAME = "$(TARGET_NAME)";
			};
			name = Debug;
		};
		6ADFC3637D9868C5E7B47B06 /* Debug */ = {
			isa = XCBuildConfiguration;
			buildSettings = {
				ASSETCATALOG_COMPILER_APPICON_NAME = AppIcon;
				CODE_SIGN_IDENTITY = "iPhone Developer";
				ENABLE_PREVIEWS = YES;
				FRAMEWORK_SEARCH_PATHS = (
					"$(inherited)",
					"$(SRCROOT)/../../Tuist/Dependencies/SwiftPackageManager/.build/artifacts/abseil-cpp-binary/abseil",
					"$(SRCROOT)/../../Tuist/Dependencies/SwiftPackageManager/.build/artifacts/firebase-ios-sdk/FirebaseFirestoreInternal",
					"$(SRCROOT)/../../Tuist/Dependencies/SwiftPackageManager/.build/artifacts/grpc-binary/BoringSSL-GRPC",
					"$(SRCROOT)/../../Tuist/Dependencies/SwiftPackageManager/.build/artifacts/grpc-binary/gRPC-C++",
					"$(SRCROOT)/../../Tuist/Dependencies/SwiftPackageManager/.build/artifacts/grpc-binary/gRPC-Core",
				);
				INFOPLIST_FILE = Support/Info.plist;
				IPHONEOS_DEPLOYMENT_TARGET = 16.0;
				LD_RUNPATH_SEARCH_PATHS = (
					"$(inherited)",
					"@executable_path/Frameworks",
				);
				OTHER_CFLAGS = (
					"$(inherited)",
					"-fmodule-map-file=$(SRCROOT)/../../Tuist/Dependencies/SwiftPackageManager/.build/checkouts/GoogleUtilities/GoogleUtilities/AppDelegateSwizzler/Public/GoogleUtilities-AppDelegateSwizzler.modulemap",
					"-fmodule-map-file=$(SRCROOT)/../../Tuist/Dependencies/SwiftPackageManager/.build/checkouts/GoogleUtilities/GoogleUtilities/Environment/Public/GoogleUtilities-Environment.modulemap",
					"-fmodule-map-file=$(SRCROOT)/../../Tuist/Dependencies/SwiftPackageManager/.build/checkouts/GoogleUtilities/GoogleUtilities/Logger/Public/GoogleUtilities-Logger.modulemap",
					"-fmodule-map-file=$(SRCROOT)/../../Tuist/Dependencies/SwiftPackageManager/.build/checkouts/GoogleUtilities/GoogleUtilities/NSData+zlib/Public/GoogleUtilities-NSData.modulemap",
					"-fmodule-map-file=$(SRCROOT)/../../Tuist/Dependencies/SwiftPackageManager/.build/checkouts/GoogleUtilities/GoogleUtilities/Network/Public/GoogleUtilities-Network.modulemap",
					"-fmodule-map-file=$(SRCROOT)/../../Tuist/Dependencies/SwiftPackageManager/.build/checkouts/GoogleUtilities/GoogleUtilities/Reachability/Public/GoogleUtilities-Reachability.modulemap",
					"-fmodule-map-file=$(SRCROOT)/../../Tuist/Dependencies/SwiftPackageManager/.build/checkouts/GoogleUtilities/third_party/IsAppEncrypted/Public/third-party-IsAppEncrypted.modulemap",
					"-fmodule-map-file=$(SRCROOT)/../../Tuist/Dependencies/SwiftPackageManager/.build/checkouts/firebase-ios-sdk/CoreOnly/Sources/module.modulemap",
					"-fmodule-map-file=$(SRCROOT)/../../Tuist/Dependencies/SwiftPackageManager/.build/checkouts/firebase-ios-sdk/FirebaseCore/Extension/FirebaseCoreExtension.modulemap",
					"-fmodule-map-file=$(SRCROOT)/../../Tuist/Dependencies/SwiftPackageManager/.build/checkouts/firebase-ios-sdk/FirebaseFirestoreInternal/FirebaseFirestoreInternalWrapper.modulemap",
					"-fmodule-map-file=$(SRCROOT)/../../Tuist/Dependencies/SwiftPackageManager/.build/checkouts/firebase-ios-sdk/SwiftPM-PlatformExclude/FirebaseFirestoreSwiftWrap/include/FirebaseFirestoreSwiftTarget.modulemap",
					"-fmodule-map-file=$(SRCROOT)/../../Tuist/Dependencies/SwiftPackageManager/.build/checkouts/firebase-ios-sdk/SwiftPM-PlatformExclude/FirebaseFirestoreWrap/include/FirebaseFirestoreTarget.modulemap",
					"-fmodule-map-file=$(SRCROOT)/../../Tuist/Dependencies/SwiftPackageManager/.build/checkouts/grpc-binary/SwiftPM-PlatformExclude/gRPC-CXX-Target/include/gRPC-CXX-Target.modulemap",
					"-fmodule-map-file=$(SRCROOT)/../../Tuist/Dependencies/SwiftPackageManager/.build/checkouts/grpc-binary/gRPC-CXX-Wrapper/include/gRPC-CXX-Wrapper.modulemap",
					"-fmodule-map-file=$(SRCROOT)/../../Tuist/Dependencies/SwiftPackageManager/.build/checkouts/gtm-session-fetcher/Sources/Core/Public/GTMSessionFetcherCore.modulemap",
					"-fmodule-map-file=$(SRCROOT)/../../Tuist/Dependencies/SwiftPackageManager/.build/checkouts/leveldb/include/leveldb.modulemap",
					"-fmodule-map-file=$(SRCROOT)/../../Tuist/Dependencies/SwiftPackageManager/.build/checkouts/nanopb/spm_headers/nanopb.modulemap",
					"-fmodule-map-file=$(SRCROOT)/../../Tuist/Dependencies/SwiftPackageManager/.build/checkouts/promises/Sources/FBLPromises/include/module.modulemap",
				);
				OTHER_SWIFT_FLAGS = (
					"$(inherited)",
					"-Xcc",
					"-fmodule-map-file=$(SRCROOT)/../../Tuist/Dependencies/SwiftPackageManager/.build/checkouts/GoogleUtilities/GoogleUtilities/AppDelegateSwizzler/Public/GoogleUtilities-AppDelegateSwizzler.modulemap",
					"-Xcc",
					"-fmodule-map-file=$(SRCROOT)/../../Tuist/Dependencies/SwiftPackageManager/.build/checkouts/GoogleUtilities/GoogleUtilities/Environment/Public/GoogleUtilities-Environment.modulemap",
					"-Xcc",
					"-fmodule-map-file=$(SRCROOT)/../../Tuist/Dependencies/SwiftPackageManager/.build/checkouts/GoogleUtilities/GoogleUtilities/Logger/Public/GoogleUtilities-Logger.modulemap",
					"-Xcc",
					"-fmodule-map-file=$(SRCROOT)/../../Tuist/Dependencies/SwiftPackageManager/.build/checkouts/GoogleUtilities/GoogleUtilities/NSData+zlib/Public/GoogleUtilities-NSData.modulemap",
					"-Xcc",
					"-fmodule-map-file=$(SRCROOT)/../../Tuist/Dependencies/SwiftPackageManager/.build/checkouts/GoogleUtilities/GoogleUtilities/Network/Public/GoogleUtilities-Network.modulemap",
					"-Xcc",
					"-fmodule-map-file=$(SRCROOT)/../../Tuist/Dependencies/SwiftPackageManager/.build/checkouts/GoogleUtilities/GoogleUtilities/Reachability/Public/GoogleUtilities-Reachability.modulemap",
					"-Xcc",
					"-fmodule-map-file=$(SRCROOT)/../../Tuist/Dependencies/SwiftPackageManager/.build/checkouts/GoogleUtilities/third_party/IsAppEncrypted/Public/third-party-IsAppEncrypted.modulemap",
					"-Xcc",
					"-fmodule-map-file=$(SRCROOT)/../../Tuist/Dependencies/SwiftPackageManager/.build/checkouts/firebase-ios-sdk/CoreOnly/Sources/module.modulemap",
					"-Xcc",
					"-fmodule-map-file=$(SRCROOT)/../../Tuist/Dependencies/SwiftPackageManager/.build/checkouts/firebase-ios-sdk/FirebaseCore/Extension/FirebaseCoreExtension.modulemap",
					"-Xcc",
					"-fmodule-map-file=$(SRCROOT)/../../Tuist/Dependencies/SwiftPackageManager/.build/checkouts/firebase-ios-sdk/FirebaseFirestoreInternal/FirebaseFirestoreInternalWrapper.modulemap",
					"-Xcc",
					"-fmodule-map-file=$(SRCROOT)/../../Tuist/Dependencies/SwiftPackageManager/.build/checkouts/firebase-ios-sdk/SwiftPM-PlatformExclude/FirebaseFirestoreSwiftWrap/include/FirebaseFirestoreSwiftTarget.modulemap",
					"-Xcc",
					"-fmodule-map-file=$(SRCROOT)/../../Tuist/Dependencies/SwiftPackageManager/.build/checkouts/firebase-ios-sdk/SwiftPM-PlatformExclude/FirebaseFirestoreWrap/include/FirebaseFirestoreTarget.modulemap",
					"-Xcc",
					"-fmodule-map-file=$(SRCROOT)/../../Tuist/Dependencies/SwiftPackageManager/.build/checkouts/grpc-binary/SwiftPM-PlatformExclude/gRPC-CXX-Target/include/gRPC-CXX-Target.modulemap",
					"-Xcc",
					"-fmodule-map-file=$(SRCROOT)/../../Tuist/Dependencies/SwiftPackageManager/.build/checkouts/grpc-binary/gRPC-CXX-Wrapper/include/gRPC-CXX-Wrapper.modulemap",
					"-Xcc",
					"-fmodule-map-file=$(SRCROOT)/../../Tuist/Dependencies/SwiftPackageManager/.build/checkouts/gtm-session-fetcher/Sources/Core/Public/GTMSessionFetcherCore.modulemap",
					"-Xcc",
					"-fmodule-map-file=$(SRCROOT)/../../Tuist/Dependencies/SwiftPackageManager/.build/checkouts/leveldb/include/leveldb.modulemap",
					"-Xcc",
					"-fmodule-map-file=$(SRCROOT)/../../Tuist/Dependencies/SwiftPackageManager/.build/checkouts/nanopb/spm_headers/nanopb.modulemap",
					"-Xcc",
					"-fmodule-map-file=$(SRCROOT)/../../Tuist/Dependencies/SwiftPackageManager/.build/checkouts/promises/Sources/FBLPromises/include/module.modulemap",
				);
				PRODUCT_BUNDLE_IDENTIFIER = com.Mogong.SYM;
				PRODUCT_NAME = SYM;
				SDKROOT = iphoneos;
				SUPPORTS_MACCATALYST = NO;
				SUPPORTS_MAC_DESIGNED_FOR_IPHONE_IPAD = YES;
				SUPPORTS_XR_DESIGNED_FOR_IPHONE_IPAD = NO;
				SWIFT_ACTIVE_COMPILATION_CONDITIONS = DEBUG;
				SWIFT_COMPILATION_MODE = singlefile;
				SWIFT_OPTIMIZATION_LEVEL = "-Onone";
				SWIFT_VERSION = 5.0;
				TARGETED_DEVICE_FAMILY = "1,2";
			};
			name = Debug;
		};
		A077A5661DB1BA45CA580DFA /* Release */ = {
			isa = XCBuildConfiguration;
			buildSettings = {
				ASSETCATALOG_COMPILER_APPICON_NAME = AppIcon;
				CODE_SIGN_IDENTITY = "iPhone Developer";
				ENABLE_PREVIEWS = YES;
				FRAMEWORK_SEARCH_PATHS = (
					"$(inherited)",
					"$(SRCROOT)/../../Tuist/Dependencies/SwiftPackageManager/.build/artifacts/abseil-cpp-binary/abseil",
					"$(SRCROOT)/../../Tuist/Dependencies/SwiftPackageManager/.build/artifacts/firebase-ios-sdk/FirebaseFirestoreInternal",
					"$(SRCROOT)/../../Tuist/Dependencies/SwiftPackageManager/.build/artifacts/grpc-binary/BoringSSL-GRPC",
					"$(SRCROOT)/../../Tuist/Dependencies/SwiftPackageManager/.build/artifacts/grpc-binary/gRPC-C++",
					"$(SRCROOT)/../../Tuist/Dependencies/SwiftPackageManager/.build/artifacts/grpc-binary/gRPC-Core",
				);
				INFOPLIST_FILE = Support/Info.plist;
				IPHONEOS_DEPLOYMENT_TARGET = 16.0;
				LD_RUNPATH_SEARCH_PATHS = (
					"$(inherited)",
					"@executable_path/Frameworks",
				);
				OTHER_CFLAGS = (
					"$(inherited)",
					"-fmodule-map-file=$(SRCROOT)/../../Tuist/Dependencies/SwiftPackageManager/.build/checkouts/GoogleUtilities/GoogleUtilities/AppDelegateSwizzler/Public/GoogleUtilities-AppDelegateSwizzler.modulemap",
					"-fmodule-map-file=$(SRCROOT)/../../Tuist/Dependencies/SwiftPackageManager/.build/checkouts/GoogleUtilities/GoogleUtilities/Environment/Public/GoogleUtilities-Environment.modulemap",
					"-fmodule-map-file=$(SRCROOT)/../../Tuist/Dependencies/SwiftPackageManager/.build/checkouts/GoogleUtilities/GoogleUtilities/Logger/Public/GoogleUtilities-Logger.modulemap",
					"-fmodule-map-file=$(SRCROOT)/../../Tuist/Dependencies/SwiftPackageManager/.build/checkouts/GoogleUtilities/GoogleUtilities/NSData+zlib/Public/GoogleUtilities-NSData.modulemap",
					"-fmodule-map-file=$(SRCROOT)/../../Tuist/Dependencies/SwiftPackageManager/.build/checkouts/GoogleUtilities/GoogleUtilities/Network/Public/GoogleUtilities-Network.modulemap",
					"-fmodule-map-file=$(SRCROOT)/../../Tuist/Dependencies/SwiftPackageManager/.build/checkouts/GoogleUtilities/GoogleUtilities/Reachability/Public/GoogleUtilities-Reachability.modulemap",
					"-fmodule-map-file=$(SRCROOT)/../../Tuist/Dependencies/SwiftPackageManager/.build/checkouts/GoogleUtilities/third_party/IsAppEncrypted/Public/third-party-IsAppEncrypted.modulemap",
					"-fmodule-map-file=$(SRCROOT)/../../Tuist/Dependencies/SwiftPackageManager/.build/checkouts/firebase-ios-sdk/CoreOnly/Sources/module.modulemap",
					"-fmodule-map-file=$(SRCROOT)/../../Tuist/Dependencies/SwiftPackageManager/.build/checkouts/firebase-ios-sdk/FirebaseCore/Extension/FirebaseCoreExtension.modulemap",
					"-fmodule-map-file=$(SRCROOT)/../../Tuist/Dependencies/SwiftPackageManager/.build/checkouts/firebase-ios-sdk/FirebaseFirestoreInternal/FirebaseFirestoreInternalWrapper.modulemap",
					"-fmodule-map-file=$(SRCROOT)/../../Tuist/Dependencies/SwiftPackageManager/.build/checkouts/firebase-ios-sdk/SwiftPM-PlatformExclude/FirebaseFirestoreSwiftWrap/include/FirebaseFirestoreSwiftTarget.modulemap",
					"-fmodule-map-file=$(SRCROOT)/../../Tuist/Dependencies/SwiftPackageManager/.build/checkouts/firebase-ios-sdk/SwiftPM-PlatformExclude/FirebaseFirestoreWrap/include/FirebaseFirestoreTarget.modulemap",
					"-fmodule-map-file=$(SRCROOT)/../../Tuist/Dependencies/SwiftPackageManager/.build/checkouts/grpc-binary/SwiftPM-PlatformExclude/gRPC-CXX-Target/include/gRPC-CXX-Target.modulemap",
					"-fmodule-map-file=$(SRCROOT)/../../Tuist/Dependencies/SwiftPackageManager/.build/checkouts/grpc-binary/gRPC-CXX-Wrapper/include/gRPC-CXX-Wrapper.modulemap",
					"-fmodule-map-file=$(SRCROOT)/../../Tuist/Dependencies/SwiftPackageManager/.build/checkouts/gtm-session-fetcher/Sources/Core/Public/GTMSessionFetcherCore.modulemap",
					"-fmodule-map-file=$(SRCROOT)/../../Tuist/Dependencies/SwiftPackageManager/.build/checkouts/leveldb/include/leveldb.modulemap",
					"-fmodule-map-file=$(SRCROOT)/../../Tuist/Dependencies/SwiftPackageManager/.build/checkouts/nanopb/spm_headers/nanopb.modulemap",
					"-fmodule-map-file=$(SRCROOT)/../../Tuist/Dependencies/SwiftPackageManager/.build/checkouts/promises/Sources/FBLPromises/include/module.modulemap",
				);
				OTHER_SWIFT_FLAGS = (
					"$(inherited)",
					"-Xcc",
					"-fmodule-map-file=$(SRCROOT)/../../Tuist/Dependencies/SwiftPackageManager/.build/checkouts/GoogleUtilities/GoogleUtilities/AppDelegateSwizzler/Public/GoogleUtilities-AppDelegateSwizzler.modulemap",
					"-Xcc",
					"-fmodule-map-file=$(SRCROOT)/../../Tuist/Dependencies/SwiftPackageManager/.build/checkouts/GoogleUtilities/GoogleUtilities/Environment/Public/GoogleUtilities-Environment.modulemap",
					"-Xcc",
					"-fmodule-map-file=$(SRCROOT)/../../Tuist/Dependencies/SwiftPackageManager/.build/checkouts/GoogleUtilities/GoogleUtilities/Logger/Public/GoogleUtilities-Logger.modulemap",
					"-Xcc",
					"-fmodule-map-file=$(SRCROOT)/../../Tuist/Dependencies/SwiftPackageManager/.build/checkouts/GoogleUtilities/GoogleUtilities/NSData+zlib/Public/GoogleUtilities-NSData.modulemap",
					"-Xcc",
					"-fmodule-map-file=$(SRCROOT)/../../Tuist/Dependencies/SwiftPackageManager/.build/checkouts/GoogleUtilities/GoogleUtilities/Network/Public/GoogleUtilities-Network.modulemap",
					"-Xcc",
					"-fmodule-map-file=$(SRCROOT)/../../Tuist/Dependencies/SwiftPackageManager/.build/checkouts/GoogleUtilities/GoogleUtilities/Reachability/Public/GoogleUtilities-Reachability.modulemap",
					"-Xcc",
					"-fmodule-map-file=$(SRCROOT)/../../Tuist/Dependencies/SwiftPackageManager/.build/checkouts/GoogleUtilities/third_party/IsAppEncrypted/Public/third-party-IsAppEncrypted.modulemap",
					"-Xcc",
					"-fmodule-map-file=$(SRCROOT)/../../Tuist/Dependencies/SwiftPackageManager/.build/checkouts/firebase-ios-sdk/CoreOnly/Sources/module.modulemap",
					"-Xcc",
					"-fmodule-map-file=$(SRCROOT)/../../Tuist/Dependencies/SwiftPackageManager/.build/checkouts/firebase-ios-sdk/FirebaseCore/Extension/FirebaseCoreExtension.modulemap",
					"-Xcc",
					"-fmodule-map-file=$(SRCROOT)/../../Tuist/Dependencies/SwiftPackageManager/.build/checkouts/firebase-ios-sdk/FirebaseFirestoreInternal/FirebaseFirestoreInternalWrapper.modulemap",
					"-Xcc",
					"-fmodule-map-file=$(SRCROOT)/../../Tuist/Dependencies/SwiftPackageManager/.build/checkouts/firebase-ios-sdk/SwiftPM-PlatformExclude/FirebaseFirestoreSwiftWrap/include/FirebaseFirestoreSwiftTarget.modulemap",
					"-Xcc",
					"-fmodule-map-file=$(SRCROOT)/../../Tuist/Dependencies/SwiftPackageManager/.build/checkouts/firebase-ios-sdk/SwiftPM-PlatformExclude/FirebaseFirestoreWrap/include/FirebaseFirestoreTarget.modulemap",
					"-Xcc",
					"-fmodule-map-file=$(SRCROOT)/../../Tuist/Dependencies/SwiftPackageManager/.build/checkouts/grpc-binary/SwiftPM-PlatformExclude/gRPC-CXX-Target/include/gRPC-CXX-Target.modulemap",
					"-Xcc",
					"-fmodule-map-file=$(SRCROOT)/../../Tuist/Dependencies/SwiftPackageManager/.build/checkouts/grpc-binary/gRPC-CXX-Wrapper/include/gRPC-CXX-Wrapper.modulemap",
					"-Xcc",
					"-fmodule-map-file=$(SRCROOT)/../../Tuist/Dependencies/SwiftPackageManager/.build/checkouts/gtm-session-fetcher/Sources/Core/Public/GTMSessionFetcherCore.modulemap",
					"-Xcc",
					"-fmodule-map-file=$(SRCROOT)/../../Tuist/Dependencies/SwiftPackageManager/.build/checkouts/leveldb/include/leveldb.modulemap",
					"-Xcc",
					"-fmodule-map-file=$(SRCROOT)/../../Tuist/Dependencies/SwiftPackageManager/.build/checkouts/nanopb/spm_headers/nanopb.modulemap",
					"-Xcc",
					"-fmodule-map-file=$(SRCROOT)/../../Tuist/Dependencies/SwiftPackageManager/.build/checkouts/promises/Sources/FBLPromises/include/module.modulemap",
				);
				PRODUCT_BUNDLE_IDENTIFIER = com.Mogong.SYM;
				PRODUCT_NAME = SYM;
				SDKROOT = iphoneos;
				SUPPORTS_MACCATALYST = NO;
				SUPPORTS_MAC_DESIGNED_FOR_IPHONE_IPAD = YES;
				SUPPORTS_XR_DESIGNED_FOR_IPHONE_IPAD = NO;
				SWIFT_COMPILATION_MODE = wholemodule;
				SWIFT_OPTIMIZATION_LEVEL = "-Owholemodule";
				SWIFT_VERSION = 5.0;
				TARGETED_DEVICE_FAMILY = "1,2";
			};
			name = Release;
		};
/* End XCBuildConfiguration section */

/* Begin XCConfigurationList section */
		8E4A30B4F02E032AB3D5BC75 /* Build configuration list for PBXNativeTarget "SYM" */ = {
			isa = XCConfigurationList;
			buildConfigurations = (
				6ADFC3637D9868C5E7B47B06 /* Debug */,
				A077A5661DB1BA45CA580DFA /* Release */,
			);
			defaultConfigurationIsVisible = 0;
			defaultConfigurationName = Release;
		};
		B02C37D118F9E57CC0BD5F21 /* Build configuration list for PBXProject "SYM" */ = {
			isa = XCConfigurationList;
			buildConfigurations = (
				5C9D598AA50CF6258C7C16E0 /* Debug */,
				1DFA17DEDAC7E718CB0683D4 /* Release */,
			);
			defaultConfigurationIsVisible = 0;
			defaultConfigurationName = Release;
		};
/* End XCConfigurationList section */
	};
	rootObject = A125D9C2C564C4E7866A5C48 /* Project object */;
}
